
Microsoft Visual Studio Solution File, Format Version 12.00
# Visual Studio 15
VisualStudioVersion = 15.0.28307.1062
MinimumVisualStudioVersion = 10.0.40219.1
Project("{FAE04EC0-301F-11D3-BF4B-00C04F79EFBC}") = "WeChatTest", "WeChatTest\WeChatTest.csproj", "{D46487B0-008A-4E77-BF64-709F1C983851}"
EndProject
Project("{FAE04EC0-301F-11D3-BF4B-00C04F79EFBC}") = "MyCrawler", "MyCrawler\MyCrawler.csproj", "{978B6B7E-015E-4B57-9A37-B7E0C6E0CB82}"
EndProject
Project("{FAE04EC0-301F-11D3-BF4B-00C04F79EFBC}") = "Service", "Service\Service.csproj", "{958639E3-A941-49FA-BB99-8446E93F96EB}"
EndProject
Global
	GlobalSection(SolutionConfigurationPlatforms) = preSolution
		Debug|Any CPU = Debug|Any CPU
		Release|Any CPU = Release|Any CPU
	EndGlobalSection
	GlobalSection(ProjectConfigurationPlatforms) = postSolution
		{D46487B0-008A-4E77-BF64-709F1C983851}.Debug|Any CPU.ActiveCfg = Debug|Any CPU
		{D46487B0-008A-4E77-BF64-709F1C983851}.Debug|Any CPU.Build.0 = Debug|Any CPU
		{D46487B0-008A-4E77-BF64-709F1C983851}.Release|Any CPU.ActiveCfg = Release|Any CPU
		{D46487B0-008A-4E77-BF64-709F1C983851}.Release|Any CPU.Build.0 = Release|Any CPU
		{978B6B7E-015E-4B57-9A37-B7E0C6E0CB82}.Debug|Any CPU.ActiveCfg = Debug|Any CPU
		{978B6B7E-015E-4B57-9A37-B7E0C6E0CB82}.Debug|Any CPU.Build.0 = Debug|Any CPU
		{978B6B7E-015E-4B57-9A37-B7E0C6E0CB82}.Release|Any CPU.ActiveCfg = Release|Any CPU
		{978B6B7E-015E-4B57-9A37-B7E0C6E0CB82}.Release|Any CPU.Build.0 = Release|Any CPU
		{958639E3-A941-49FA-BB99-8446E93F96EB}.Debug|Any CPU.ActiveCfg = Debug|Any CPU
		{958639E3-A941-49FA-BB99-8446E93F96EB}.Debug|Any CPU.Build.0 = Debug|Any CPU
		{958639E3-A941-49FA-BB99-8446E93F96EB}.Release|Any CPU.ActiveCfg = Release|Any CPU
		{958639E3-A941-49FA-BB99-8446E93F96EB}.Release|Any CPU.Build.0 = Release|Any CPU
	EndGlobalSection
	GlobalSection(SolutionProperties) = preSolution
		HideSolutionNode = FALSE
	EndGlobalSection
	GlobalSection(ExtensibilityGlobals) = postSolution
		SolutionGuid = {1DDFC8E7-BC6F-4B51-B2A9-9453672FF2AE}
	EndGlobalSection
EndGlobal
